{
  "name": "battlegrid2",
  "lockfileVersion": 2,
  "requires": true,
  "packages": {
    "": {
      "name": "battlegrid2",
      "dependencies": {
        "lit": "^3.0.0-pre.0",
        "yjs": "^13.6.8"
      },
      "devDependencies": {
        "esbuild": "^0.19.2",
        "prettier": "~3.0.3"
      },
      "peerDependencies": {
        "typescript": "^5.0.0"
      }
    },
    "node_modules/@esbuild/linux-x64": {
      "version": "0.19.2",
      "cpu": [
        "x64"
      ],
      "dev": true,
      "license": "MIT",
      "optional": true,
      "os": [
        "linux"
      ],
      "engines": {
        "node": ">=12"
      }
    },
    "node_modules/@lit-labs/ssr-dom-shim": {
      "version": "1.1.2-pre.0",
      "license": "BSD-3-Clause"
    },
    "node_modules/@lit/reactive-element": {
      "version": "2.0.0-pre.0",
      "license": "BSD-3-Clause",
      "dependencies": {
        "@lit-labs/ssr-dom-shim": "^1.1.2-pre.0"
      }
    },
    "node_modules/@types/trusted-types": {
      "version": "2.0.4",
      "license": "MIT"
    },
    "node_modules/esbuild": {
      "version": "0.19.2",
      "dev": true,
      "hasInstallScript": true,
      "license": "MIT",
      "bin": {
        "esbuild": "bin/esbuild"
      },
      "engines": {
        "node": ">=12"
      },
      "optionalDependencies": {
        "@esbuild/android-arm": "0.19.2",
        "@esbuild/android-arm64": "0.19.2",
        "@esbuild/android-x64": "0.19.2",
        "@esbuild/darwin-arm64": "0.19.2",
        "@esbuild/darwin-x64": "0.19.2",
        "@esbuild/freebsd-arm64": "0.19.2",
        "@esbuild/freebsd-x64": "0.19.2",
        "@esbuild/linux-arm": "0.19.2",
        "@esbuild/linux-arm64": "0.19.2",
        "@esbuild/linux-ia32": "0.19.2",
        "@esbuild/linux-loong64": "0.19.2",
        "@esbuild/linux-mips64el": "0.19.2",
        "@esbuild/linux-ppc64": "0.19.2",
        "@esbuild/linux-riscv64": "0.19.2",
        "@esbuild/linux-s390x": "0.19.2",
        "@esbuild/linux-x64": "0.19.2",
        "@esbuild/netbsd-x64": "0.19.2",
        "@esbuild/openbsd-x64": "0.19.2",
        "@esbuild/sunos-x64": "0.19.2",
        "@esbuild/win32-arm64": "0.19.2",
        "@esbuild/win32-ia32": "0.19.2",
        "@esbuild/win32-x64": "0.19.2"
      }
    },
    "node_modules/isomorphic.js": {
      "version": "0.2.5",
      "license": "MIT",
      "funding": {
        "type": "GitHub Sponsors ❤",
        "url": "https://github.com/sponsors/dmonad"
      }
    },
    "node_modules/lib0": {
      "version": "0.2.85",
      "license": "MIT",
      "dependencies": {
        "isomorphic.js": "^0.2.4"
      },
      "bin": {
        "0gentesthtml": "bin/gentesthtml.js",
        "0serve": "bin/0serve.js"
      },
      "engines": {
        "node": ">=16"
      },
      "funding": {
        "type": "GitHub Sponsors ❤",
        "url": "https://github.com/sponsors/dmonad"
      }
    },
    "node_modules/lit": {
      "version": "3.0.0-pre.0",
      "license": "BSD-3-Clause",
      "dependencies": {
        "@lit/reactive-element": "^2.0.0-pre.0",
        "lit-element": "^4.0.0-pre.0",
        "lit-html": "^3.0.0-pre.0"
      }
    },
    "node_modules/lit-element": {
      "version": "4.0.0-pre.0",
      "license": "BSD-3-Clause",
      "dependencies": {
        "@lit/reactive-element": "^2.0.0-pre.0",
        "lit-html": "^3.0.0-pre.0"
      }
    },
    "node_modules/lit-html": {
      "version": "3.0.0-pre.0",
      "license": "BSD-3-Clause",
      "dependencies": {
        "@types/trusted-types": "^2.0.2"
      }
    },
    "node_modules/prettier": {
      "version": "3.0.3",
      "resolved": "https://registry.npmjs.org/prettier/-/prettier-3.0.3.tgz",
      "integrity": "sha512-L/4pUDMxcNa8R/EthV08Zt42WBO4h1rarVtK0K+QJG0X187OLo7l699jWw0GKuwzkPQ//jMFA/8Xm6Fh3J/DAg==",
      "dev": true,
      "bin": {
        "prettier": "bin/prettier.cjs"
      },
      "engines": {
        "node": ">=14"
      },
      "funding": {
        "url": "https://github.com/prettier/prettier?sponsor=1"
      }
    },
    "node_modules/typescript": {
      "version": "5.2.2",
      "resolved": "https://registry.npmjs.org/typescript/-/typescript-5.2.2.tgz",
      "integrity": "sha512-mI4WrpHsbCIcwT9cF4FZvr80QUeKvsUsUvKDoR+X/7XHQH98xYD8YHZg7ANtz2GtZt/CBq2QJ0thkGJMHfqc1w==",
      "peer": true,
      "bin": {
        "tsc": "bin/tsc",
        "tsserver": "bin/tsserver"
      },
      "engines": {
        "node": ">=14.17"
      }
    },
    "node_modules/yjs": {
      "version": "13.6.8",
      "license": "MIT",
      "dependencies": {
        "lib0": "^0.2.74"
      },
      "engines": {
        "node": ">=16.0.0",
        "npm": ">=8.0.0"
      },
      "funding": {
        "type": "GitHub Sponsors ❤",
        "url": "https://github.com/sponsors/dmonad"
      }
    }
  },
  "dependencies": {
    "@esbuild/linux-x64": {
      "version": "0.19.2",
      "dev": true,
      "optional": true
    },
    "@lit-labs/ssr-dom-shim": {
      "version": "1.1.2-pre.0"
    },
    "@lit/reactive-element": {
      "version": "2.0.0-pre.0",
      "requires": {
        "@lit-labs/ssr-dom-shim": "^1.1.2-pre.0"
      }
    },
    "@types/trusted-types": {
      "version": "2.0.4"
    },
    "esbuild": {
      "version": "0.19.2",
      "dev": true,
      "requires": {
        "@esbuild/android-arm": "0.19.2",
        "@esbuild/android-arm64": "0.19.2",
        "@esbuild/android-x64": "0.19.2",
        "@esbuild/darwin-arm64": "0.19.2",
        "@esbuild/darwin-x64": "0.19.2",
        "@esbuild/freebsd-arm64": "0.19.2",
        "@esbuild/freebsd-x64": "0.19.2",
        "@esbuild/linux-arm": "0.19.2",
        "@esbuild/linux-arm64": "0.19.2",
        "@esbuild/linux-ia32": "0.19.2",
        "@esbuild/linux-loong64": "0.19.2",
        "@esbuild/linux-mips64el": "0.19.2",
        "@esbuild/linux-ppc64": "0.19.2",
        "@esbuild/linux-riscv64": "0.19.2",
        "@esbuild/linux-s390x": "0.19.2",
        "@esbuild/linux-x64": "0.19.2",
        "@esbuild/netbsd-x64": "0.19.2",
        "@esbuild/openbsd-x64": "0.19.2",
        "@esbuild/sunos-x64": "0.19.2",
        "@esbuild/win32-arm64": "0.19.2",
        "@esbuild/win32-ia32": "0.19.2",
        "@esbuild/win32-x64": "0.19.2"
      }
    },
    "isomorphic.js": {
      "version": "0.2.5"
    },
    "lib0": {
      "version": "0.2.85",
      "requires": {
        "isomorphic.js": "^0.2.4"
      }
    },
    "lit": {
      "version": "3.0.0-pre.0",
      "requires": {
        "@lit/reactive-element": "^2.0.0-pre.0",
        "lit-element": "^4.0.0-pre.0",
        "lit-html": "^3.0.0-pre.0"
      }
    },
    "lit-element": {
      "version": "4.0.0-pre.0",
      "requires": {
        "@lit/reactive-element": "^2.0.0-pre.0",
        "lit-html": "^3.0.0-pre.0"
      }
    },
    "lit-html": {
      "version": "3.0.0-pre.0",
      "requires": {
        "@types/trusted-types": "^2.0.2"
      }
    },
    "prettier": {
      "version": "3.0.3",
      "resolved": "https://registry.npmjs.org/prettier/-/prettier-3.0.3.tgz",
      "integrity": "sha512-L/4pUDMxcNa8R/EthV08Zt42WBO4h1rarVtK0K+QJG0X187OLo7l699jWw0GKuwzkPQ//jMFA/8Xm6Fh3J/DAg==",
      "dev": true
    },
    "typescript": {
      "version": "5.2.2",
      "resolved": "https://registry.npmjs.org/typescript/-/typescript-5.2.2.tgz",
      "integrity": "sha512-mI4WrpHsbCIcwT9cF4FZvr80QUeKvsUsUvKDoR+X/7XHQH98xYD8YHZg7ANtz2GtZt/CBq2QJ0thkGJMHfqc1w==",
      "peer": true
    },
    "yjs": {
      "version": "13.6.8",
      "requires": {
        "lib0": "^0.2.74"
      }
    }
  }
}
